
Microsoft Visual Studio Solution File, Format Version 12.00
# Visual Studio Version 17
VisualStudioVersion = 17.9.34728.123
MinimumVisualStudioVersion = 10.0.40219.1
Project("{FAE04EC0-301F-11D3-BF4B-00C04F79EFBC}") = "FrontEnd", "FrontEnd.csproj", "{BC89EA2F-AC9A-434D-8225-ECA172A2DEED}"
EndProject
Global
	GlobalSection(SolutionConfigurationPlatforms) = preSolution
		Debug|Any CPU = Debug|Any CPU
		Release|Any CPU = Release|Any CPU
	EndGlobalSection
	GlobalSection(ProjectConfigurationPlatforms) = postSolution
		{BC89EA2F-AC9A-434D-8225-ECA172A2DEED}.Debug|Any CPU.ActiveCfg = Debug|Any CPU
		{BC89EA2F-AC9A-434D-8225-ECA172A2DEED}.Debug|Any CPU.Build.0 = Debug|Any CPU
		{BC89EA2F-AC9A-434D-8225-ECA172A2DEED}.Release|Any CPU.ActiveCfg = Release|Any CPU
		{BC89EA2F-AC9A-434D-8225-ECA172A2DEED}.Release|Any CPU.Build.0 = Release|Any CPU
	EndGlobalSection
	GlobalSection(SolutionProperties) = preSolution
		HideSolutionNode = FALSE
	EndGlobalSection
	GlobalSection(ExtensibilityGlobals) = postSolution
		SolutionGuid = {C54CCD25-C38B-4477-9FFC-674F98931FA6}
	EndGlobalSection
EndGlobal
