
Microsoft Visual Studio Solution File, Format Version 12.00
# Visual Studio Version 17
VisualStudioVersion = 17.9.34728.123
MinimumVisualStudioVersion = 10.0.40219.1
Project("{2150E333-8FDC-42A3-9474-1A3956D46DE8}") = "Core", "Core", "{E6AC2A01-48BB-4F22-BED6-E660F28E6A3B}"
EndProject
Project("{2150E333-8FDC-42A3-9474-1A3956D46DE8}") = "Infrastructure", "Infrastructure", "{84245FCE-E3DC-4DF5-8BDF-9BE0D3C3D0BF}"
EndProject
Project("{2150E333-8FDC-42A3-9474-1A3956D46DE8}") = "Presentation", "Presentation", "{C710D1FF-6D5E-4168-8A3F-F7F1A032F8EB}"
EndProject
Project("{FAE04EC0-301F-11D3-BF4B-00C04F79EFBC}") = "Integrativa.Domain", "Domain\Integrativa.Domain.csproj", "{4D2E1218-1EA3-43F7-A124-E81AD961AF90}"
EndProject
Global
	GlobalSection(SolutionConfigurationPlatforms) = preSolution
		Debug|Any CPU = Debug|Any CPU
		Release|Any CPU = Release|Any CPU
	EndGlobalSection
	GlobalSection(ProjectConfigurationPlatforms) = postSolution
		{4D2E1218-1EA3-43F7-A124-E81AD961AF90}.Debug|Any CPU.ActiveCfg = Debug|Any CPU
		{4D2E1218-1EA3-43F7-A124-E81AD961AF90}.Debug|Any CPU.Build.0 = Debug|Any CPU
		{4D2E1218-1EA3-43F7-A124-E81AD961AF90}.Release|Any CPU.ActiveCfg = Release|Any CPU
		{4D2E1218-1EA3-43F7-A124-E81AD961AF90}.Release|Any CPU.Build.0 = Release|Any CPU
	EndGlobalSection
	GlobalSection(SolutionProperties) = preSolution
		HideSolutionNode = FALSE
	EndGlobalSection
	GlobalSection(NestedProjects) = preSolution
		{4D2E1218-1EA3-43F7-A124-E81AD961AF90} = {E6AC2A01-48BB-4F22-BED6-E660F28E6A3B}
	EndGlobalSection
	GlobalSection(ExtensibilityGlobals) = postSolution
		SolutionGuid = {C6AA94F8-B5D5-4395-B8CB-828F2BC62D44}
	EndGlobalSection
EndGlobal
